
Microsoft Visual Studio Solution File, Format Version 12.00
# Visual Studio Version 17
VisualStudioVersion = 17.14.36327.8
MinimumVisualStudioVersion = 10.0.40219.1
Project("{FAE04EC0-301F-11D3-BF4B-00C04F79EFBC}") = "Infrastructure", "Infrastructure\Infrastructure.csproj", "{1A1489F9-4657-4427-8B9B-F7D080E228B7}"
EndProject
Project("{FAE04EC0-301F-11D3-BF4B-00C04F79EFBC}") = "WpfApp", "WpfApp\WpfApp.csproj", "{2959ECC0-DE3E-43C4-A1DE-9182ACE54DBF}"
EndProject
Project("{FAE04EC0-301F-11D3-BF4B-00C04F79EFBC}") = "Web", "Web\Web.csproj", "{92FB0E39-9A25-409E-B7A7-D7B7422340E3}"
	ProjectSection(ProjectDependencies) = postProject
		{1A1489F9-4657-4427-8B9B-F7D080E228B7} = {1A1489F9-4657-4427-8B9B-F7D080E228B7}
	EndProjectSection
EndProject
Global
	GlobalSection(SolutionConfigurationPlatforms) = preSolution
		Debug|Any CPU = Debug|Any CPU
		Release|Any CPU = Release|Any CPU
	EndGlobalSection
	GlobalSection(ProjectConfigurationPlatforms) = postSolution
		{1A1489F9-4657-4427-8B9B-F7D080E228B7}.Debug|Any CPU.ActiveCfg = Debug|Any CPU
		{1A1489F9-4657-4427-8B9B-F7D080E228B7}.Debug|Any CPU.Build.0 = Debug|Any CPU
		{1A1489F9-4657-4427-8B9B-F7D080E228B7}.Release|Any CPU.ActiveCfg = Release|Any CPU
		{1A1489F9-4657-4427-8B9B-F7D080E228B7}.Release|Any CPU.Build.0 = Release|Any CPU
		{2959ECC0-DE3E-43C4-A1DE-9182ACE54DBF}.Debug|Any CPU.ActiveCfg = Debug|Any CPU
		{2959ECC0-DE3E-43C4-A1DE-9182ACE54DBF}.Debug|Any CPU.Build.0 = Debug|Any CPU
		{2959ECC0-DE3E-43C4-A1DE-9182ACE54DBF}.Release|Any CPU.ActiveCfg = Release|Any CPU
		{2959ECC0-DE3E-43C4-A1DE-9182ACE54DBF}.Release|Any CPU.Build.0 = Release|Any CPU
		{92FB0E39-9A25-409E-B7A7-D7B7422340E3}.Debug|Any CPU.ActiveCfg = Debug|Any CPU
		{92FB0E39-9A25-409E-B7A7-D7B7422340E3}.Debug|Any CPU.Build.0 = Debug|Any CPU
		{92FB0E39-9A25-409E-B7A7-D7B7422340E3}.Release|Any CPU.ActiveCfg = Release|Any CPU
		{92FB0E39-9A25-409E-B7A7-D7B7422340E3}.Release|Any CPU.Build.0 = Release|Any CPU
	EndGlobalSection
	GlobalSection(SolutionProperties) = preSolution
		HideSolutionNode = FALSE
	EndGlobalSection
	GlobalSection(ExtensibilityGlobals) = postSolution
		SolutionGuid = {7A6BB4A6-9966-4582-9770-87464E914B75}
	EndGlobalSection
EndGlobal
